{
  "nodes": {
    "hspkgs": {
      "inputs": {
        "nixpkgs": "nixpkgs"
      },
      "locked": {
        "lastModified": 1692544065,
        "narHash": "sha256-XH7W0NxZ5Kgm3kex6aG6fc99uFIKWaAjt37/GGbKkgQ=",
        "owner": "podenv",
        "repo": "hspkgs",
        "rev": "30b0954150719797ba9fd5e8e1652a03604d823f",
        "type": "github"
      },
      "original": {
        "owner": "podenv",
        "repo": "hspkgs",
        "rev": "30b0954150719797ba9fd5e8e1652a03604d823f",
        "type": "github"
      }
    },
    "nixpkgs": {
      "locked": {
        "lastModified": 1691280800,
        "narHash": "sha256-/0CqbbXO5qfyZ2DgyLIYGP7wT3ONNE3gtiE5gYG9zXE=",
        "owner": "NixOS",
        "repo": "nixpkgs",
        "rev": "e365e1db48d060b3e31b02ec8177f66f386f39b8",
        "type": "github"
      },
      "original": {
        "owner": "NixOS",
        "repo": "nixpkgs",
        "rev": "e365e1db48d060b3e31b02ec8177f66f386f39b8",
        "type": "github"
      }
    },
    "root": {
      "inputs": {
        "hspkgs": "hspkgs"
      }
    }
  },
  "root": "root",
  "version": 7
}
