{
  "nodes": {
    "hspkgs": {
      "inputs": {
        "nixpkgs": "nixpkgs"
      },
      "locked": {
        "lastModified": 1721955242,
        "narHash": "sha256-yT3OdEvMem++oUH/jxq2kKq4EGdGETNn/MpMB1ggmL4=",
        "owner": "podenv",
        "repo": "hspkgs",
        "rev": "7dca9f9db5941b1b47f92b66736ee073751d05c2",
        "type": "github"
      },
      "original": {
        "owner": "podenv",
        "repo": "hspkgs",
        "rev": "7dca9f9db5941b1b47f92b66736ee073751d05c2",
        "type": "github"
      }
    },
    "nixpkgs": {
      "locked": {
        "lastModified": 1721952842,
        "narHash": "sha256-B6Fm/e+2Iq1LB0ITtdaVS/lxkckCwPNpgBuduuv1HzY=",
        "owner": "NixOS",
        "repo": "nixpkgs",
        "rev": "574f1a6205e63e9870c6e6132c393f9082d58d2a",
        "type": "github"
      },
      "original": {
        "owner": "NixOS",
        "repo": "nixpkgs",
        "rev": "574f1a6205e63e9870c6e6132c393f9082d58d2a",
        "type": "github"
      }
    },
    "root": {
      "inputs": {
        "hspkgs": "hspkgs"
      }
    }
  },
  "root": "root",
  "version": 7
}
