{
  "nodes": {
    "hspkgs": {
      "inputs": {
        "nixpkgs": "nixpkgs"
      },
      "locked": {
        "lastModified": 1722898016,
        "narHash": "sha256-LiaOVYgJsaKWPxF14z7NtLBwrr8L20LNIHn/7VFgVfQ=",
        "owner": "podenv",
        "repo": "hspkgs",
        "rev": "7a46854f28ab9b99c51353c81d5967f1f6fd9a9b",
        "type": "github"
      },
      "original": {
        "owner": "podenv",
        "repo": "hspkgs",
        "rev": "7a46854f28ab9b99c51353c81d5967f1f6fd9a9b",
        "type": "github"
      }
    },
    "jira": {
      "flake": false,
      "locked": {
        "lastModified": 1729193511,
        "narHash": "sha256-N3zQpNx65KvFVENbu6kBjJarq6uL1pFxmCA8f6NhP4c=",
        "owner": "ButlerOS",
        "repo": "haskell-jira-client",
        "rev": "a8d6a1f8bdfbfccbab58827316dc430f10416fcf",
        "type": "github"
      },
      "original": {
        "owner": "ButlerOS",
        "repo": "haskell-jira-client",
        "rev": "a8d6a1f8bdfbfccbab58827316dc430f10416fcf",
        "type": "github"
      }
    },
    "nixpkgs": {
      "locked": {
        "lastModified": 1721952842,
        "narHash": "sha256-B6Fm/e+2Iq1LB0ITtdaVS/lxkckCwPNpgBuduuv1HzY=",
        "owner": "NixOS",
        "repo": "nixpkgs",
        "rev": "574f1a6205e63e9870c6e6132c393f9082d58d2a",
        "type": "github"
      },
      "original": {
        "owner": "NixOS",
        "repo": "nixpkgs",
        "rev": "574f1a6205e63e9870c6e6132c393f9082d58d2a",
        "type": "github"
      }
    },
    "root": {
      "inputs": {
        "hspkgs": "hspkgs",
        "jira": "jira"
      }
    }
  },
  "root": "root",
  "version": 7
}
